
Microsoft Visual Studio Solution File, Format Version 12.00
# Visual Studio Version 17
VisualStudioVersion = 17.4.33205.214
MinimumVisualStudioVersion = 10.0.40219.1
Project("{FAE04EC0-301F-11D3-BF4B-00C04F79EFBC}") = "RepositoryKRIRO", "RepositoryKRIRO\RepositoryKRIRO.csproj", "{157E14DD-4051-49DD-AF4C-60FD58B65184}"
EndProject
Global
	GlobalSection(SolutionConfigurationPlatforms) = preSolution
		Debug|Any CPU = Debug|Any CPU
		Release|Any CPU = Release|Any CPU
	EndGlobalSection
	GlobalSection(ProjectConfigurationPlatforms) = postSolution
		{157E14DD-4051-49DD-AF4C-60FD58B65184}.Debug|Any CPU.ActiveCfg = Debug|Any CPU
		{157E14DD-4051-49DD-AF4C-60FD58B65184}.Debug|Any CPU.Build.0 = Debug|Any CPU
		{157E14DD-4051-49DD-AF4C-60FD58B65184}.Release|Any CPU.ActiveCfg = Release|Any CPU
		{157E14DD-4051-49DD-AF4C-60FD58B65184}.Release|Any CPU.Build.0 = Release|Any CPU
	EndGlobalSection
	GlobalSection(SolutionProperties) = preSolution
		HideSolutionNode = FALSE
	EndGlobalSection
	GlobalSection(ExtensibilityGlobals) = postSolution
		SolutionGuid = {99AFB4F4-CF8F-4CA9-9FAB-574F10C32850}
	EndGlobalSection
EndGlobal
